
Microsoft Visual Studio Solution File, Format Version 12.00
# Visual Studio Version 16
VisualStudioVersion = 16.0.31424.327
MinimumVisualStudioVersion = 10.0.40219.1
Project("{FAE04EC0-301F-11D3-BF4B-00C04F79EFBC}") = "CommandApp", "CommandApp.csproj", "{5095D3D6-D8CF-4F8B-93F0-B7A507836454}"
EndProject
Global
	GlobalSection(SolutionConfigurationPlatforms) = preSolution
		Debug|Any CPU = Debug|Any CPU
		Release|Any CPU = Release|Any CPU
	EndGlobalSection
	GlobalSection(ProjectConfigurationPlatforms) = postSolution
		{5095D3D6-D8CF-4F8B-93F0-B7A507836454}.Debug|Any CPU.ActiveCfg = Debug|Any CPU
		{5095D3D6-D8CF-4F8B-93F0-B7A507836454}.Debug|Any CPU.Build.0 = Debug|Any CPU
		{5095D3D6-D8CF-4F8B-93F0-B7A507836454}.Release|Any CPU.ActiveCfg = Release|Any CPU
		{5095D3D6-D8CF-4F8B-93F0-B7A507836454}.Release|Any CPU.Build.0 = Release|Any CPU
	EndGlobalSection
	GlobalSection(SolutionProperties) = preSolution
		HideSolutionNode = FALSE
	EndGlobalSection
	GlobalSection(ExtensibilityGlobals) = postSolution
		SolutionGuid = {4C71AF59-022E-4F6E-BFDF-F4AED00BDEA3}
	EndGlobalSection
EndGlobal
